{
  "pins" : [
    {
      "identity" : "anycodable",
      "kind" : "remoteSourceControl",
      "location" : "https://github.com/Flight-School/AnyCodable",
      "state" : {
        "revision" : "862808b2070cd908cb04f9aafe7de83d35f81b05",
        "version" : "0.6.7"
      }
    },
    {
      "identity" : "light-swift-untar",
      "kind" : "remoteSourceControl",
      "location" : "https://github.com/nortiz1349/Light-Swift-Untar.git",
      "state" : {
        "revision" : "b1d63e0c3904c31244c6c0d466e1e42d29423834",
        "version" : "1.0.5"
      }
    },
    {
      "identity" : "valhalla-openapi-models-swift",
      "kind" : "remoteSourceControl",
      "location" : "https://github.com/nortiz1349/valhalla-openapi-models-swift.git",
      "state" : {
        "revision" : "371a195a00f676e392406865524239e64be83dcb",
        "version" : "0.0.5"
      }
    }
  ],
  "version" : 2
}
